// !$*UTF8*$!
{
	archiveVersion = 1;
	classes = {
	};
	objectVersion = 55;
	objects = {

/* Begin PBXBuildFile section */
		6194B5CC285A0AB600991D50 /* FreeTreeApp.swift in Sources */ = {isa = PBXBuildFile; fileRef = 6194B5CB285A0AB600991D50 /* FreeTreeApp.swift */; };
		6194B5CE285A0AB600991D50 /* ContentView.swift in Sources */ = {isa = PBXBuildFile; fileRef = 6194B5CD285A0AB600991D50 /* ContentView.swift */; };
		6194B5D0285A0AB700991D50 /* Assets.xcassets in Resources */ = {isa = PBXBuildFile; fileRef = 6194B5CF285A0AB700991D50 /* Assets.xcassets */; };
		6194B5D3285A0AB700991D50 /* Preview Assets.xcassets in Resources */ = {isa = PBXBuildFile; fileRef = 6194B5D2285A0AB700991D50 /* Preview Assets.xcassets */; };
		E82818B42861E48300E81C82 /* Tree.swift in Sources */ = {isa = PBXBuildFile; fileRef = E82818B32861E48300E81C82 /* Tree.swift */; };
		E82818B62861EC9B00E81C82 /* TreeManager.swift in Sources */ = {isa = PBXBuildFile; fileRef = E82818B52861EC9B00E81C82 /* TreeManager.swift */; };
		F0F833B67002D7129BF870BC /* Pods_FreeTree.framework in Frameworks */ = {isa = PBXBuildFile; fileRef = 94158BFC38E5A0DCB8F43071 /* Pods_FreeTree.framework */; };
/* End PBXBuildFile section */

/* Begin PBXFileReference section */
		6194B5C8285A0AB600991D50 /* FreeTree.app */ = {isa = PBXFileReference; explicitFileType = wrapper.application; includeInIndex = 0; path = FreeTree.app; sourceTree = BUILT_PRODUCTS_DIR; };
		6194B5CB285A0AB600991D50 /* FreeTreeApp.swift */ = {isa = PBXFileReference; lastKnownFileType = sourcecode.swift; path = FreeTreeApp.swift; sourceTree = "<group>"; };
		6194B5CD285A0AB600991D50 /* ContentView.swift */ = {isa = PBXFileReference; lastKnownFileType = sourcecode.swift; path = ContentView.swift; sourceTree = "<group>"; };
		6194B5CF285A0AB700991D50 /* Assets.xcassets */ = {isa = PBXFileReference; lastKnownFileType = folder.assetcatalog; path = Assets.xcassets; sourceTree = "<group>"; };
		6194B5D2285A0AB700991D50 /* Preview Assets.xcassets */ = {isa = PBXFileReference; lastKnownFileType = folder.assetcatalog; path = "Preview Assets.xcassets"; sourceTree = "<group>"; };
		6A76C7930E6E2D2CBDE998B0 /* Pods-FreeTree.debug.xcconfig */ = {isa = PBXFileReference; includeInIndex = 1; lastKnownFileType = text.xcconfig; name = "Pods-FreeTree.debug.xcconfig"; path = "Target Support Files/Pods-FreeTree/Pods-FreeTree.debug.xcconfig"; sourceTree = "<group>"; };
		7C5F4006BDA7821855FAE76C /* Pods-FreeTree.release.xcconfig */ = {isa = PBXFileReference; includeInIndex = 1; lastKnownFileType = text.xcconfig; name = "Pods-FreeTree.release.xcconfig"; path = "Target Support Files/Pods-FreeTree/Pods-FreeTree.release.xcconfig"; sourceTree = "<group>"; };
		94158BFC38E5A0DCB8F43071 /* Pods_FreeTree.framework */ = {isa = PBXFileReference; explicitFileType = wrapper.framework; includeInIndex = 0; path = Pods_FreeTree.framework; sourceTree = BUILT_PRODUCTS_DIR; };
		E82818B32861E48300E81C82 /* Tree.swift */ = {isa = PBXFileReference; lastKnownFileType = sourcecode.swift; path = Tree.swift; sourceTree = "<group>"; };
		E82818B52861EC9B00E81C82 /* TreeManager.swift */ = {isa = PBXFileReference; lastKnownFileType = sourcecode.swift; path = TreeManager.swift; sourceTree = "<group>"; };
/* End PBXFileReference section */

/* Begin PBXFrameworksBuildPhase section */
		6194B5C5285A0AB600991D50 /* Frameworks */ = {
			isa = PBXFrameworksBuildPhase;
			buildActionMask = 2147483647;
			files = (
				F0F833B67002D7129BF870BC /* Pods_FreeTree.framework in Frameworks */,
			);
			runOnlyForDeploymentPostprocessing = 0;
		};
/* End PBXFrameworksBuildPhase section */

/* Begin PBXGroup section */
		4C5616D74295AC1111E245AA /* Pods */ = {
			isa = PBXGroup;
			children = (
				6A76C7930E6E2D2CBDE998B0 /* Pods-FreeTree.debug.xcconfig */,
				7C5F4006BDA7821855FAE76C /* Pods-FreeTree.release.xcconfig */,
			);
			path = Pods;
			sourceTree = "<group>";
		};
		6194B5BF285A0AB600991D50 = {
			isa = PBXGroup;
			children = (
				6194B5CA285A0AB600991D50 /* FreeTree */,
				6194B5C9285A0AB600991D50 /* Products */,
				4C5616D74295AC1111E245AA /* Pods */,
				DA46147272AF599D5B57059C /* Frameworks */,
			);
			sourceTree = "<group>";
		};
		6194B5C9285A0AB600991D50 /* Products */ = {
			isa = PBXGroup;
			children = (
				6194B5C8285A0AB600991D50 /* FreeTree.app */,
			);
			name = Products;
			sourceTree = "<group>";
		};
		6194B5CA285A0AB600991D50 /* FreeTree */ = {
			isa = PBXGroup;
			children = (
				6194B5DD285A0B5900991D50 /* Managers */,
				6194B5DC285A0B5000991D50 /* Extensions */,
				6194B5DB285A0B1600991D50 /* Models */,
				6194B5DA285A0B0A00991D50 /* Views */,
				6194B5D9285A0AF200991D50 /* ViewModels */,
				6194B5CB285A0AB600991D50 /* FreeTreeApp.swift */,
				6194B5CF285A0AB700991D50 /* Assets.xcassets */,
				6194B5D1285A0AB700991D50 /* Preview Content */,
			);
			path = FreeTree;
			sourceTree = "<group>";
		};
		6194B5D1285A0AB700991D50 /* Preview Content */ = {
			isa = PBXGroup;
			children = (
				6194B5D2285A0AB700991D50 /* Preview Assets.xcassets */,
			);
			path = "Preview Content";
			sourceTree = "<group>";
		};
		6194B5D9285A0AF200991D50 /* ViewModels */ = {
			isa = PBXGroup;
			children = (
			);
			path = ViewModels;
			sourceTree = "<group>";
		};
		6194B5DA285A0B0A00991D50 /* Views */ = {
			isa = PBXGroup;
			children = (
				6194B5CD285A0AB600991D50 /* ContentView.swift */,
			);
			path = Views;
			sourceTree = "<group>";
		};
		6194B5DB285A0B1600991D50 /* Models */ = {
			isa = PBXGroup;
			children = (
				E82818B32861E48300E81C82 /* Tree.swift */,
			);
			path = Models;
			sourceTree = "<group>";
		};
		6194B5DC285A0B5000991D50 /* Extensions */ = {
			isa = PBXGroup;
			children = (
			);
			path = Extensions;
			sourceTree = "<group>";
		};
		6194B5DD285A0B5900991D50 /* Managers */ = {
			isa = PBXGroup;
			children = (
				E82818B52861EC9B00E81C82 /* TreeManager.swift */,
			);
			path = Managers;
			sourceTree = "<group>";
		};
		DA46147272AF599D5B57059C /* Frameworks */ = {
			isa = PBXGroup;
			children = (
				94158BFC38E5A0DCB8F43071 /* Pods_FreeTree.framework */,
			);
			name = Frameworks;
			sourceTree = "<group>";
		};
/* End PBXGroup section */

/* Begin PBXNativeTarget section */
		6194B5C7285A0AB600991D50 /* FreeTree */ = {
			isa = PBXNativeTarget;
			buildConfigurationList = 6194B5D6285A0AB700991D50 /* Build configuration list for PBXNativeTarget "FreeTree" */;
			buildPhases = (
				172CD96DD2F4A51801400F1E /* [CP] Check Pods Manifest.lock */,
				6194B5C4285A0AB600991D50 /* Sources */,
				6194B5C5285A0AB600991D50 /* Frameworks */,
				6194B5C6285A0AB600991D50 /* Resources */,
				6194B5DF285A0FB000991D50 /* Run SwiftLint */,
			);
			buildRules = (
			);
			dependencies = (
			);
			name = FreeTree;
			productName = FreeTree;
			productReference = 6194B5C8285A0AB600991D50 /* FreeTree.app */;
			productType = "com.apple.product-type.application";
		};
/* End PBXNativeTarget section */

/* Begin PBXProject section */
		6194B5C0285A0AB600991D50 /* Project object */ = {
			isa = PBXProject;
			attributes = {
				BuildIndependentTargetsInParallel = 1;
				LastSwiftUpdateCheck = 1340;
				LastUpgradeCheck = 1340;
				TargetAttributes = {
					6194B5C7285A0AB600991D50 = {
						CreatedOnToolsVersion = 13.4.1;
					};
				};
			};
			buildConfigurationList = 6194B5C3285A0AB600991D50 /* Build configuration list for PBXProject "FreeTree" */;
			compatibilityVersion = "Xcode 13.0";
			developmentRegion = en;
			hasScannedForEncodings = 0;
			knownRegions = (
				en,
				Base,
			);
			mainGroup = 6194B5BF285A0AB600991D50;
			productRefGroup = 6194B5C9285A0AB600991D50 /* Products */;
			projectDirPath = "";
			projectRoot = "";
			targets = (
				6194B5C7285A0AB600991D50 /* FreeTree */,
			);
		};
/* End PBXProject section */

/* Begin PBXResourcesBuildPhase section */
		6194B5C6285A0AB600991D50 /* Resources */ = {
			isa = PBXResourcesBuildPhase;
			buildActionMask = 2147483647;
			files = (
				6194B5D3285A0AB700991D50 /* Preview Assets.xcassets in Resources */,
				6194B5D0285A0AB700991D50 /* Assets.xcassets in Resources */,
			);
			runOnlyForDeploymentPostprocessing = 0;
		};
/* End PBXResourcesBuildPhase section */

/* Begin PBXShellScriptBuildPhase section */
		172CD96DD2F4A51801400F1E /* [CP] Check Pods Manifest.lock */ = {
			isa = PBXShellScriptBuildPhase;
			buildActionMask = 2147483647;
			files = (
			);
			inputFileListPaths = (
			);
			inputPaths = (
				"${PODS_PODFILE_DIR_PATH}/Podfile.lock",
				"${PODS_ROOT}/Manifest.lock",
			);
			name = "[CP] Check Pods Manifest.lock";
			outputFileListPaths = (
			);
			outputPaths = (
				"$(DERIVED_FILE_DIR)/Pods-FreeTree-checkManifestLockResult.txt",
			);
			runOnlyForDeploymentPostprocessing = 0;
			shellPath = /bin/sh;
			shellScript = "diff \"${PODS_PODFILE_DIR_PATH}/Podfile.lock\" \"${PODS_ROOT}/Manifest.lock\" > /dev/null\nif [ $? != 0 ] ; then\n    # print error to STDERR\n    echo \"error: The sandbox is not in sync with the Podfile.lock. Run 'pod install' or update your CocoaPods installation.\" >&2\n    exit 1\nfi\n# This output is used by Xcode 'outputs' to avoid re-running this script phase.\necho \"SUCCESS\" > \"${SCRIPT_OUTPUT_FILE_0}\"\n";
			showEnvVarsInLog = 0;
		};
		6194B5DF285A0FB000991D50 /* Run SwiftLint */ = {
			isa = PBXShellScriptBuildPhase;
			buildActionMask = 2147483647;
			files = (
			);
			inputFileListPaths = (
			);
			inputPaths = (
			);
			name = "Run SwiftLint";
			outputFileListPaths = (
			);
			outputPaths = (
			);
			runOnlyForDeploymentPostprocessing = 0;
			shellPath = /bin/sh;
			shellScript = "# Type a script or drag a script file from your workspace to insert its path.\n\"${PODS_ROOT}/SwiftLint/swiftlint\"\n";
		};
/* End PBXShellScriptBuildPhase section */

/* Begin PBXSourcesBuildPhase section */
		6194B5C4285A0AB600991D50 /* Sources */ = {
			isa = PBXSourcesBuildPhase;
			buildActionMask = 2147483647;
			files = (
				E82818B42861E48300E81C82 /* Tree.swift in Sources */,
				6194B5CE285A0AB600991D50 /* ContentView.swift in Sources */,
				6194B5CC285A0AB600991D50 /* FreeTreeApp.swift in Sources */,
				E82818B62861EC9B00E81C82 /* TreeManager.swift in Sources */,
			);
			runOnlyForDeploymentPostprocessing = 0;
		};
/* End PBXSourcesBuildPhase section */

/* Begin XCBuildConfiguration section */
		6194B5D4285A0AB700991D50 /* Debug */ = {
			isa = XCBuildConfiguration;
			buildSettings = {
				ALWAYS_SEARCH_USER_PATHS = NO;
				CLANG_ANALYZER_NONNULL = YES;
				CLANG_ANALYZER_NUMBER_OBJECT_CONVERSION = YES_AGGRESSIVE;
				CLANG_CXX_LANGUAGE_STANDARD = "gnu++17";
				CLANG_ENABLE_MODULES = YES;
				CLANG_ENABLE_OBJC_ARC = YES;
				CLANG_ENABLE_OBJC_WEAK = YES;
				CLANG_WARN_BLOCK_CAPTURE_AUTORELEASING = YES;
				CLANG_WARN_BOOL_CONVERSION = YES;
				CLANG_WARN_COMMA = YES;
				CLANG_WARN_CONSTANT_CONVERSION = YES;
				CLANG_WARN_DEPRECATED_OBJC_IMPLEMENTATIONS = YES;
				CLANG_WARN_DIRECT_OBJC_ISA_USAGE = YES_ERROR;
				CLANG_WARN_DOCUMENTATION_COMMENTS = YES;
				CLANG_WARN_EMPTY_BODY = YES;
				CLANG_WARN_ENUM_CONVERSION = YES;
				CLANG_WARN_INFINITE_RECURSION = YES;
				CLANG_WARN_INT_CONVERSION = YES;
				CLANG_WARN_NON_LITERAL_NULL_CONVERSION = YES;
				CLANG_WARN_OBJC_IMPLICIT_RETAIN_SELF = YES;
				CLANG_WARN_OBJC_LITERAL_CONVERSION = YES;
				CLANG_WARN_OBJC_ROOT_CLASS = YES_ERROR;
				CLANG_WARN_QUOTED_INCLUDE_IN_FRAMEWORK_HEADER = YES;
				CLANG_WARN_RANGE_LOOP_ANALYSIS = YES;
				CLANG_WARN_STRICT_PROTOTYPES = YES;
				CLANG_WARN_SUSPICIOUS_MOVE = YES;
				CLANG_WARN_UNGUARDED_AVAILABILITY = YES_AGGRESSIVE;
				CLANG_WARN_UNREACHABLE_CODE = YES;
				CLANG_WARN__DUPLICATE_METHOD_MATCH = YES;
				COPY_PHASE_STRIP = NO;
				DEBUG_INFORMATION_FORMAT = dwarf;
				ENABLE_STRICT_OBJC_MSGSEND = YES;
				ENABLE_TESTABILITY = YES;
				GCC_C_LANGUAGE_STANDARD = gnu11;
				GCC_DYNAMIC_NO_PIC = NO;
				GCC_NO_COMMON_BLOCKS = YES;
				GCC_OPTIMIZATION_LEVEL = 0;
				GCC_PREPROCESSOR_DEFINITIONS = (
					"DEBUG=1",
					"$(inherited)",
				);
				GCC_WARN_64_TO_32_BIT_CONVERSION = YES;
				GCC_WARN_ABOUT_RETURN_TYPE = YES_ERROR;
				GCC_WARN_UNDECLARED_SELECTOR = YES;
				GCC_WARN_UNINITIALIZED_AUTOS = YES_AGGRESSIVE;
				GCC_WARN_UNUSED_FUNCTION = YES;
				GCC_WARN_UNUSED_VARIABLE = YES;
				IPHONEOS_DEPLOYMENT_TARGET = 15.5;
				MTL_ENABLE_DEBUG_INFO = INCLUDE_SOURCE;
				MTL_FAST_MATH = YES;
				ONLY_ACTIVE_ARCH = YES;
				SDKROOT = iphoneos;
				SWIFT_ACTIVE_COMPILATION_CONDITIONS = DEBUG;
				SWIFT_OPTIMIZATION_LEVEL = "-Onone";
			};
			name = Debug;
		};
		6194B5D5285A0AB700991D50 /* Release */ = {
			isa = XCBuildConfiguration;
			buildSettings = {
				ALWAYS_SEARCH_USER_PATHS = NO;
				CLANG_ANALYZER_NONNULL = YES;
				CLANG_ANALYZER_NUMBER_OBJECT_CONVERSION = YES_AGGRESSIVE;
				CLANG_CXX_LANGUAGE_STANDARD = "gnu++17";
				CLANG_ENABLE_MODULES = YES;
				CLANG_ENABLE_OBJC_ARC = YES;
				CLANG_ENABLE_OBJC_WEAK = YES;
				CLANG_WARN_BLOCK_CAPTURE_AUTORELEASING = YES;
				CLANG_WARN_BOOL_CONVERSION = YES;
				CLANG_WARN_COMMA = YES;
				CLANG_WARN_CONSTANT_CONVERSION = YES;
				CLANG_WARN_DEPRECATED_OBJC_IMPLEMENTATIONS = YES;
				CLANG_WARN_DIRECT_OBJC_ISA_USAGE = YES_ERROR;
				CLANG_WARN_DOCUMENTATION_COMMENTS = YES;
				CLANG_WARN_EMPTY_BODY = YES;
				CLANG_WARN_ENUM_CONVERSION = YES;
				CLANG_WARN_INFINITE_RECURSION = YES;
				CLANG_WARN_INT_CONVERSION = YES;
				CLANG_WARN_NON_LITERAL_NULL_CONVERSION = YES;
				CLANG_WARN_OBJC_IMPLICIT_RETAIN_SELF = YES;
				CLANG_WARN_OBJC_LITERAL_CONVERSION = YES;
				CLANG_WARN_OBJC_ROOT_CLASS = YES_ERROR;
				CLANG_WARN_QUOTED_INCLUDE_IN_FRAMEWORK_HEADER = YES;
				CLANG_WARN_RANGE_LOOP_ANALYSIS = YES;
				CLANG_WARN_STRICT_PROTOTYPES = YES;
				CLANG_WARN_SUSPICIOUS_MOVE = YES;
				CLANG_WARN_UNGUARDED_AVAILABILITY = YES_AGGRESSIVE;
				CLANG_WARN_UNREACHABLE_CODE = YES;
				CLANG_WARN__DUPLICATE_METHOD_MATCH = YES;
				COPY_PHASE_STRIP = NO;
				DEBUG_INFORMATION_FORMAT = "dwarf-with-dsym";
				ENABLE_NS_ASSERTIONS = NO;
				ENABLE_STRICT_OBJC_MSGSEND = YES;
				GCC_C_LANGUAGE_STANDARD = gnu11;
				GCC_NO_COMMON_BLOCKS = YES;
				GCC_WARN_64_TO_32_BIT_CONVERSION = YES;
				GCC_WARN_ABOUT_RETURN_TYPE = YES_ERROR;
				GCC_WARN_UNDECLARED_SELECTOR = YES;
				GCC_WARN_UNINITIALIZED_AUTOS = YES_AGGRESSIVE;
				GCC_WARN_UNUSED_FUNCTION = YES;
				GCC_WARN_UNUSED_VARIABLE = YES;
				IPHONEOS_DEPLOYMENT_TARGET = 15.5;
				MTL_ENABLE_DEBUG_INFO = NO;
				MTL_FAST_MATH = YES;
				SDKROOT = iphoneos;
				SWIFT_COMPILATION_MODE = wholemodule;
				SWIFT_OPTIMIZATION_LEVEL = "-O";
				VALIDATE_PRODUCT = YES;
			};
			name = Release;
		};
		6194B5D7285A0AB700991D50 /* Debug */ = {
			isa = XCBuildConfiguration;
			baseConfigurationReference = 6A76C7930E6E2D2CBDE998B0 /* Pods-FreeTree.debug.xcconfig */;
			buildSettings = {
				ASSETCATALOG_COMPILER_APPICON_NAME = AppIcon;
				ASSETCATALOG_COMPILER_GLOBAL_ACCENT_COLOR_NAME = AccentColor;
				CODE_SIGN_STYLE = Automatic;
				CURRENT_PROJECT_VERSION = 1;
				DEVELOPMENT_ASSET_PATHS = "\"FreeTree/Preview Content\"";
				ENABLE_PREVIEWS = YES;
				GENERATE_INFOPLIST_FILE = YES;
				INFOPLIST_KEY_UIApplicationSceneManifest_Generation = YES;
				INFOPLIST_KEY_UIApplicationSupportsIndirectInputEvents = YES;
				INFOPLIST_KEY_UILaunchScreen_Generation = YES;
				INFOPLIST_KEY_UISupportedInterfaceOrientations_iPad = "UIInterfaceOrientationPortrait UIInterfaceOrientationPortraitUpsideDown UIInterfaceOrientationLandscapeLeft UIInterfaceOrientationLandscapeRight";
				INFOPLIST_KEY_UISupportedInterfaceOrientations_iPhone = "UIInterfaceOrientationPortrait UIInterfaceOrientationLandscapeLeft UIInterfaceOrientationLandscapeRight";
				LD_RUNPATH_SEARCH_PATHS = (
					"$(inherited)",
					"@executable_path/Frameworks",
				);
				MARKETING_VERSION = 1.0;
				PRODUCT_BUNDLE_IDENTIFIER = LaranjaLimaTeam.FreeTree;
				PRODUCT_NAME = "$(TARGET_NAME)";
				SWIFT_EMIT_LOC_STRINGS = YES;
				SWIFT_VERSION = 5.0;
				TARGETED_DEVICE_FAMILY = "1,2";
			};
			name = Debug;
		};
		6194B5D8285A0AB700991D50 /* Release */ = {
			isa = XCBuildConfiguration;
			baseConfigurationReference = 7C5F4006BDA7821855FAE76C /* Pods-FreeTree.release.xcconfig */;
			buildSettings = {
				ASSETCATALOG_COMPILER_APPICON_NAME = AppIcon;
				ASSETCATALOG_COMPILER_GLOBAL_ACCENT_COLOR_NAME = AccentColor;
				CODE_SIGN_STYLE = Automatic;
				CURRENT_PROJECT_VERSION = 1;
				DEVELOPMENT_ASSET_PATHS = "\"FreeTree/Preview Content\"";
				ENABLE_PREVIEWS = YES;
				GENERATE_INFOPLIST_FILE = YES;
				INFOPLIST_KEY_UIApplicationSceneManifest_Generation = YES;
				INFOPLIST_KEY_UIApplicationSupportsIndirectInputEvents = YES;
				INFOPLIST_KEY_UILaunchScreen_Generation = YES;
				INFOPLIST_KEY_UISupportedInterfaceOrientations_iPad = "UIInterfaceOrientationPortrait UIInterfaceOrientationPortraitUpsideDown UIInterfaceOrientationLandscapeLeft UIInterfaceOrientationLandscapeRight";
				INFOPLIST_KEY_UISupportedInterfaceOrientations_iPhone = "UIInterfaceOrientationPortrait UIInterfaceOrientationLandscapeLeft UIInterfaceOrientationLandscapeRight";
				LD_RUNPATH_SEARCH_PATHS = (
					"$(inherited)",
					"@executable_path/Frameworks",
				);
				MARKETING_VERSION = 1.0;
				PRODUCT_BUNDLE_IDENTIFIER = LaranjaLimaTeam.FreeTree;
				PRODUCT_NAME = "$(TARGET_NAME)";
				SWIFT_EMIT_LOC_STRINGS = YES;
				SWIFT_VERSION = 5.0;
				TARGETED_DEVICE_FAMILY = "1,2";
			};
			name = Release;
		};
/* End XCBuildConfiguration section */

/* Begin XCConfigurationList section */
		6194B5C3285A0AB600991D50 /* Build configuration list for PBXProject "FreeTree" */ = {
			isa = XCConfigurationList;
			buildConfigurations = (
				6194B5D4285A0AB700991D50 /* Debug */,
				6194B5D5285A0AB700991D50 /* Release */,
			);
			defaultConfigurationIsVisible = 0;
			defaultConfigurationName = Release;
		};
		6194B5D6285A0AB700991D50 /* Build configuration list for PBXNativeTarget "FreeTree" */ = {
			isa = XCConfigurationList;
			buildConfigurations = (
				6194B5D7285A0AB700991D50 /* Debug */,
				6194B5D8285A0AB700991D50 /* Release */,
			);
			defaultConfigurationIsVisible = 0;
			defaultConfigurationName = Release;
		};
/* End XCConfigurationList section */
	};
	rootObject = 6194B5C0285A0AB600991D50 /* Project object */;
}
